<?xml version="1.0" encoding="UTF-8" standalone="yes" ?>
<CodeBlocks_project_file>
	<FileVersion major="1" minor="6" />
	<Project>
		<Option title="Gridley" />
		<Option platforms="Windows;Unix;" />
		<Option pch_mode="2" />
		<Option compiler="gcc" />
		<Build>
			<Target title="Win32">
				<Option platforms="Windows;" />
				<Option output="Gridley" prefix_auto="1" extension_auto="1" />
				<Option object_output="obj/mingw" />
				<Option type="0" />
				<Option compiler="mingw" />
				<Compiler>
					<Add option="-DNO_STDIO_REDIRECT" />
				</Compiler>
				<Linker>
					<Add library="opengl32" />
					<Add library="mingw32" />
					<Add library="SDLmain" />
					<Add library="SDL.dll" />
					<Add library="user32" />
					<Add library="gdi32" />
					<Add library="winmm" />
					<Add library="dxguid" />
				</Linker>
			</Target>
			<Target title="Unix">
				<Option platforms="Unix;" />
				<Option output="Gridley" prefix_auto="1" extension_auto="1" />
				<Option object_output="obj/unix" />
				<Option type="0" />
				<Option compiler="gcc" />
				<Linker>
					<Add library="GL" />
					<Add library="pthread" />
				</Linker>
			</Target>
		</Build>
		<Compiler>
			<Add option="-pedantic" />
			<Add option="-Wall" />
			<Add option="-ansi" />
		</Compiler>
		<Linker>
			<Add library="SDL" />
			<Add library="SDL_ttf" />
		</Linker>
		<Unit filename="README.txt" />
		<Unit filename="SDL_win32_main.c">
			<Option compilerVar="CC" />
			<Option target="Win32" />
		</Unit>
		<Unit filename="gridley.cpp" />
		<Unit filename="gridley.hpp" />
		<Extensions>
			<code_completion />
			<envvars />
			<debugger />
		</Extensions>
	</Project>
</CodeBlocks_project_file>
